
Microsoft Visual Studio Solution File, Format Version 12.00
# Visual Studio Version 16
VisualStudioVersion = 16.0.30804.86
MinimumVisualStudioVersion = 10.0.40219.1
Project("{FAE04EC0-301F-11D3-BF4B-00C04F79EFBC}") = "DigChoutiRreshHint", "DigChoutiRreshHint\DigChoutiRreshHint.csproj", "{EE41885A-2D0D-42A5-8FD5-4F3CDB8BC1AA}"
EndProject
Global
	GlobalSection(SolutionConfigurationPlatforms) = preSolution
		Debug|Any CPU = Debug|Any CPU
		Release|Any CPU = Release|Any CPU
	EndGlobalSection
	GlobalSection(ProjectConfigurationPlatforms) = postSolution
		{EE41885A-2D0D-42A5-8FD5-4F3CDB8BC1AA}.Debug|Any CPU.ActiveCfg = Debug|Any CPU
		{EE41885A-2D0D-42A5-8FD5-4F3CDB8BC1AA}.Debug|Any CPU.Build.0 = Debug|Any CPU
		{EE41885A-2D0D-42A5-8FD5-4F3CDB8BC1AA}.Release|Any CPU.ActiveCfg = Release|Any CPU
		{EE41885A-2D0D-42A5-8FD5-4F3CDB8BC1AA}.Release|Any CPU.Build.0 = Release|Any CPU
	EndGlobalSection
	GlobalSection(SolutionProperties) = preSolution
		HideSolutionNode = FALSE
	EndGlobalSection
	GlobalSection(ExtensibilityGlobals) = postSolution
		SolutionGuid = {FE40CA48-7204-4D30-A1FE-86DF9CCD3AF6}
	EndGlobalSection
EndGlobal
